{
  "name": "IIPS_Academics_2.0",
  "lockfileVersion": 3,
  "requires": true,
  "packages": {
    "": {
      "dependencies": {
        "deno": "^2.3.5"
      }
    },
    "node_modules/@deno/darwin-arm64": {
      "version": "2.3.5",
      "resolved": "https://registry.npmjs.org/@deno/darwin-arm64/-/darwin-arm64-2.3.5.tgz",
      "integrity": "sha512-aXdxFt/GjVAUlGkqNmmXHPvHUfrOlttWnoHdHm91zxXHvz6Iw5e/uN6huXWcEIb5uXgu43q9KeKFFqNGoRBUpw==",
      "cpu": [
        "arm64"
      ],
      "license": "MIT",
      "optional": true,
      "os": [
        "darwin"
      ]
    },
    "node_modules/@deno/darwin-x64": {
      "version": "2.3.5",
      "resolved": "https://registry.npmjs.org/@deno/darwin-x64/-/darwin-x64-2.3.5.tgz",
      "integrity": "sha512-0APfmYq+988sTb+Pp9ot+JZqrYHjJdqrF3U3j+8zZszxD4UgjpXmnO7wuvrO4rFvFktByNKk2Qvmq0aAtMUd8A==",
      "cpu": [
        "x64"
      ],
      "license": "MIT",
      "optional": true,
      "os": [
        "darwin"
      ]
    },
    "node_modules/@deno/linux-arm64-glibc": {
      "version": "2.3.5",
      "resolved": "https://registry.npmjs.org/@deno/linux-arm64-glibc/-/linux-arm64-glibc-2.3.5.tgz",
      "integrity": "sha512-NE3Ntkf+7X75UfLREVHjLm2wLdeTAt34I8secI8+MLmtiWGtRcJqihnm81SsF3objOLHFDFIeSIT9DHSD2IjDw==",
      "cpu": [
        "arm64"
      ],
      "license": "MIT",
      "optional": true,
      "os": [
        "linux"
      ]
    },
    "node_modules/@deno/linux-x64-glibc": {
      "version": "2.3.5",
      "resolved": "https://registry.npmjs.org/@deno/linux-x64-glibc/-/linux-x64-glibc-2.3.5.tgz",
      "integrity": "sha512-IQ0QBAEw+3LxLtlU8mxYQw7N8NhTSBClFGGUCjqTA3g+mFdecVH8TAlkm/p44galVohrUZmIo211HqY2InZnMQ==",
      "cpu": [
        "x64"
      ],
      "license": "MIT",
      "optional": true,
      "os": [
        "linux"
      ]
    },
    "node_modules/@deno/win32-arm64": {
      "version": "2.3.5",
      "resolved": "https://registry.npmjs.org/@deno/win32-arm64/-/win32-arm64-2.3.5.tgz",
      "integrity": "sha512-HPuUSGtHlMuv26Ug4yR77KsLDVvzrZumy49ge/e17kQtAdGC07j5n5vawsviNKLttGqFFonkEPr0vquhq+2+Cw==",
      "cpu": [
        "arm64"
      ],
      "license": "MIT",
      "optional": true,
      "os": [
        "win32"
      ]
    },
    "node_modules/@deno/win32-x64": {
      "version": "2.3.5",
      "resolved": "https://registry.npmjs.org/@deno/win32-x64/-/win32-x64-2.3.5.tgz",
      "integrity": "sha512-KCF6Yp0y8Sy2f5TXIzLh3P0MvlhI6KanIFqt60+RQJfdklTmGmMGfrW7cC4OYSKHOKJaOPjdQce3HNL3DcycvA==",
      "cpu": [
        "x64"
      ],
      "license": "MIT",
      "optional": true,
      "os": [
        "win32"
      ]
    },
    "node_modules/deno": {
      "version": "2.3.5",
      "resolved": "https://registry.npmjs.org/deno/-/deno-2.3.5.tgz",
      "integrity": "sha512-4nGPpug2LmZ3kTinnkbiSUmoqSYmerTTjr2OxKw4xrno5W4ILR1dfmVpDsQN8oecT9mEUw+3r/xamdiRNcKBog==",
      "hasInstallScript": true,
      "license": "MIT",
      "bin": {
        "deno": "bin.cjs"
      },
      "optionalDependencies": {
        "@deno/darwin-arm64": "2.3.5",
        "@deno/darwin-x64": "2.3.5",
        "@deno/linux-arm64-glibc": "2.3.5",
        "@deno/linux-x64-glibc": "2.3.5",
        "@deno/win32-arm64": "2.3.5",
        "@deno/win32-x64": "2.3.5"
      }
    }
  }
}
